
Microsoft Visual Studio Solution File, Format Version 12.00
# Visual Studio Version 16
VisualStudioVersion = 16.0.30523.141
MinimumVisualStudioVersion = 10.0.40219.1
Project("{FAE04EC0-301F-11D3-BF4B-00C04F79EFBC}") = "OOP_Course", "OOP_Course\OOP_Course.csproj", "{73A51BEC-5D03-4092-B1EA-CBB418D2B9EB}"
EndProject
Global
	GlobalSection(SolutionConfigurationPlatforms) = preSolution
		Debug|Any CPU = Debug|Any CPU
		Release|Any CPU = Release|Any CPU
	EndGlobalSection
	GlobalSection(ProjectConfigurationPlatforms) = postSolution
		{73A51BEC-5D03-4092-B1EA-CBB418D2B9EB}.Debug|Any CPU.ActiveCfg = Debug|Any CPU
		{73A51BEC-5D03-4092-B1EA-CBB418D2B9EB}.Debug|Any CPU.Build.0 = Debug|Any CPU
		{73A51BEC-5D03-4092-B1EA-CBB418D2B9EB}.Release|Any CPU.ActiveCfg = Release|Any CPU
		{73A51BEC-5D03-4092-B1EA-CBB418D2B9EB}.Release|Any CPU.Build.0 = Release|Any CPU
	EndGlobalSection
	GlobalSection(SolutionProperties) = preSolution
		HideSolutionNode = FALSE
	EndGlobalSection
	GlobalSection(ExtensibilityGlobals) = postSolution
		SolutionGuid = {6819F30B-C58A-44ED-AA24-D155EC8F4815}
	EndGlobalSection
EndGlobal
